
Microsoft Visual Studio Solution File, Format Version 12.00
# Visual Studio Version 16
VisualStudioVersion = 16.0.30114.105
MinimumVisualStudioVersion = 10.0.40219.1
Project("{FAE04EC0-301F-11D3-BF4B-00C04F79EFBC}") = "API", "API\API.csproj", "{44011403-B19F-4CD9-9039-2ADEF3FD331A}"
EndProject
Project("{FAE04EC0-301F-11D3-BF4B-00C04F79EFBC}") = "Application", "Application\Application.csproj", "{2BCC8113-2A1B-4782-9E9F-29C1B92E5BF3}"
EndProject
Project("{FAE04EC0-301F-11D3-BF4B-00C04F79EFBC}") = "Domain", "Domain\Domain.csproj", "{81CA6E52-7A15-43D3-89EA-49DDC4E9A672}"
EndProject
Project("{FAE04EC0-301F-11D3-BF4B-00C04F79EFBC}") = "Persistence", "Persistence\Persistence.csproj", "{1668950E-32F0-4DBF-92A1-A596EC924DBE}"
EndProject
Global
	GlobalSection(SolutionConfigurationPlatforms) = preSolution
		Debug|Any CPU = Debug|Any CPU
		Debug|x64 = Debug|x64
		Debug|x86 = Debug|x86
		Release|Any CPU = Release|Any CPU
		Release|x64 = Release|x64
		Release|x86 = Release|x86
	EndGlobalSection
	GlobalSection(SolutionProperties) = preSolution
		HideSolutionNode = FALSE
	EndGlobalSection
	GlobalSection(ProjectConfigurationPlatforms) = postSolution
		{44011403-B19F-4CD9-9039-2ADEF3FD331A}.Debug|Any CPU.ActiveCfg = Debug|Any CPU
		{44011403-B19F-4CD9-9039-2ADEF3FD331A}.Debug|Any CPU.Build.0 = Debug|Any CPU
		{44011403-B19F-4CD9-9039-2ADEF3FD331A}.Debug|x64.ActiveCfg = Debug|Any CPU
		{44011403-B19F-4CD9-9039-2ADEF3FD331A}.Debug|x64.Build.0 = Debug|Any CPU
		{44011403-B19F-4CD9-9039-2ADEF3FD331A}.Debug|x86.ActiveCfg = Debug|Any CPU
		{44011403-B19F-4CD9-9039-2ADEF3FD331A}.Debug|x86.Build.0 = Debug|Any CPU
		{44011403-B19F-4CD9-9039-2ADEF3FD331A}.Release|Any CPU.ActiveCfg = Release|Any CPU
		{44011403-B19F-4CD9-9039-2ADEF3FD331A}.Release|Any CPU.Build.0 = Release|Any CPU
		{44011403-B19F-4CD9-9039-2ADEF3FD331A}.Release|x64.ActiveCfg = Release|Any CPU
		{44011403-B19F-4CD9-9039-2ADEF3FD331A}.Release|x64.Build.0 = Release|Any CPU
		{44011403-B19F-4CD9-9039-2ADEF3FD331A}.Release|x86.ActiveCfg = Release|Any CPU
		{44011403-B19F-4CD9-9039-2ADEF3FD331A}.Release|x86.Build.0 = Release|Any CPU
		{2BCC8113-2A1B-4782-9E9F-29C1B92E5BF3}.Debug|Any CPU.ActiveCfg = Debug|Any CPU
		{2BCC8113-2A1B-4782-9E9F-29C1B92E5BF3}.Debug|Any CPU.Build.0 = Debug|Any CPU
		{2BCC8113-2A1B-4782-9E9F-29C1B92E5BF3}.Debug|x64.ActiveCfg = Debug|Any CPU
		{2BCC8113-2A1B-4782-9E9F-29C1B92E5BF3}.Debug|x64.Build.0 = Debug|Any CPU
		{2BCC8113-2A1B-4782-9E9F-29C1B92E5BF3}.Debug|x86.ActiveCfg = Debug|Any CPU
		{2BCC8113-2A1B-4782-9E9F-29C1B92E5BF3}.Debug|x86.Build.0 = Debug|Any CPU
		{2BCC8113-2A1B-4782-9E9F-29C1B92E5BF3}.Release|Any CPU.ActiveCfg = Release|Any CPU
		{2BCC8113-2A1B-4782-9E9F-29C1B92E5BF3}.Release|Any CPU.Build.0 = Release|Any CPU
		{2BCC8113-2A1B-4782-9E9F-29C1B92E5BF3}.Release|x64.ActiveCfg = Release|Any CPU
		{2BCC8113-2A1B-4782-9E9F-29C1B92E5BF3}.Release|x64.Build.0 = Release|Any CPU
		{2BCC8113-2A1B-4782-9E9F-29C1B92E5BF3}.Release|x86.ActiveCfg = Release|Any CPU
		{2BCC8113-2A1B-4782-9E9F-29C1B92E5BF3}.Release|x86.Build.0 = Release|Any CPU
		{81CA6E52-7A15-43D3-89EA-49DDC4E9A672}.Debug|Any CPU.ActiveCfg = Debug|Any CPU
		{81CA6E52-7A15-43D3-89EA-49DDC4E9A672}.Debug|Any CPU.Build.0 = Debug|Any CPU
		{81CA6E52-7A15-43D3-89EA-49DDC4E9A672}.Debug|x64.ActiveCfg = Debug|Any CPU
		{81CA6E52-7A15-43D3-89EA-49DDC4E9A672}.Debug|x64.Build.0 = Debug|Any CPU
		{81CA6E52-7A15-43D3-89EA-49DDC4E9A672}.Debug|x86.ActiveCfg = Debug|Any CPU
		{81CA6E52-7A15-43D3-89EA-49DDC4E9A672}.Debug|x86.Build.0 = Debug|Any CPU
		{81CA6E52-7A15-43D3-89EA-49DDC4E9A672}.Release|Any CPU.ActiveCfg = Release|Any CPU
		{81CA6E52-7A15-43D3-89EA-49DDC4E9A672}.Release|Any CPU.Build.0 = Release|Any CPU
		{81CA6E52-7A15-43D3-89EA-49DDC4E9A672}.Release|x64.ActiveCfg = Release|Any CPU
		{81CA6E52-7A15-43D3-89EA-49DDC4E9A672}.Release|x64.Build.0 = Release|Any CPU
		{81CA6E52-7A15-43D3-89EA-49DDC4E9A672}.Release|x86.ActiveCfg = Release|Any CPU
		{81CA6E52-7A15-43D3-89EA-49DDC4E9A672}.Release|x86.Build.0 = Release|Any CPU
		{1668950E-32F0-4DBF-92A1-A596EC924DBE}.Debug|Any CPU.ActiveCfg = Debug|Any CPU
		{1668950E-32F0-4DBF-92A1-A596EC924DBE}.Debug|Any CPU.Build.0 = Debug|Any CPU
		{1668950E-32F0-4DBF-92A1-A596EC924DBE}.Debug|x64.ActiveCfg = Debug|Any CPU
		{1668950E-32F0-4DBF-92A1-A596EC924DBE}.Debug|x64.Build.0 = Debug|Any CPU
		{1668950E-32F0-4DBF-92A1-A596EC924DBE}.Debug|x86.ActiveCfg = Debug|Any CPU
		{1668950E-32F0-4DBF-92A1-A596EC924DBE}.Debug|x86.Build.0 = Debug|Any CPU
		{1668950E-32F0-4DBF-92A1-A596EC924DBE}.Release|Any CPU.ActiveCfg = Release|Any CPU
		{1668950E-32F0-4DBF-92A1-A596EC924DBE}.Release|Any CPU.Build.0 = Release|Any CPU
		{1668950E-32F0-4DBF-92A1-A596EC924DBE}.Release|x64.ActiveCfg = Release|Any CPU
		{1668950E-32F0-4DBF-92A1-A596EC924DBE}.Release|x64.Build.0 = Release|Any CPU
		{1668950E-32F0-4DBF-92A1-A596EC924DBE}.Release|x86.ActiveCfg = Release|Any CPU
		{1668950E-32F0-4DBF-92A1-A596EC924DBE}.Release|x86.Build.0 = Release|Any CPU
	EndGlobalSection
EndGlobal
